
Microsoft Visual Studio Solution File, Format Version 12.00
# Visual Studio 14
VisualStudioVersion = 14.0.25420.1
MinimumVisualStudioVersion = 10.0.40219.1
Project("{2150E333-8FDC-42A3-9474-1A3956D46DE8}") = "01.Web-Project", "01.Web-Project", "{3F9D61B4-DA48-4802-A92B-17A6F832E0C7}"
EndProject
Project("{2150E333-8FDC-42A3-9474-1A3956D46DE8}") = "02.Service", "02.Service", "{818E73F6-A452-419B-9F5F-146813B67878}"
EndProject
Project("{2150E333-8FDC-42A3-9474-1A3956D46DE8}") = "03.Persistence", "03.Persistence", "{A8FA145D-A942-4C57-89F0-44F812729747}"
EndProject
Project("{2150E333-8FDC-42A3-9474-1A3956D46DE8}") = "04.Common", "04.Common", "{D7448D8D-65A3-48DA-9B48-7706BA5F4142}"
EndProject
Project("{2150E333-8FDC-42A3-9474-1A3956D46DE8}") = "05.Test", "05.Test", "{41246175-F4C2-4062-B472-A5887B32FFC7}"
EndProject
Project("{FAE04EC0-301F-11D3-BF4B-00C04F79EFBC}") = "WebAdmin", "WebAdmin\WebAdmin.csproj", "{9F9EB907-69F6-4FC1-AB1E-EC9BA96FBC0A}"
EndProject
Project("{FAE04EC0-301F-11D3-BF4B-00C04F79EFBC}") = "Service", "Service\Service.csproj", "{9A304466-D8B2-4500-8BA1-38D886E6B984}"
EndProject
Project("{FAE04EC0-301F-11D3-BF4B-00C04F79EFBC}") = "Persistence.DatabaseContext", "Persistence.DatabaseContext\Persistence.DatabaseContext.csproj", "{EEE1D0AC-A0D6-41D8-ABB6-D8FF52D568B7}"
EndProject
Project("{FAE04EC0-301F-11D3-BF4B-00C04F79EFBC}") = "Persistence.DbContextScope", "Persistence.DbContextScope\Persistence.DbContextScope.csproj", "{EF5BDF6C-298E-4C20-B76B-2CEAEE7330A5}"
EndProject
Project("{FAE04EC0-301F-11D3-BF4B-00C04F79EFBC}") = "Persistence.Repository", "Persistence.Repository\Persistence.Repository.csproj", "{91E946BD-33BE-417F-BC2B-24ACA84AF63C}"
EndProject
Project("{FAE04EC0-301F-11D3-BF4B-00C04F79EFBC}") = "Common", "Common\Common.csproj", "{7EE520A6-658C-410F-931F-50B61322D27A}"
EndProject
Project("{FAE04EC0-301F-11D3-BF4B-00C04F79EFBC}") = "Model", "Model\Model.csproj", "{A5E8F329-7B66-449B-A455-F25AB9F21C43}"
EndProject
Project("{FAE04EC0-301F-11D3-BF4B-00C04F79EFBC}") = "Test", "Test\Test.csproj", "{BD84D355-1B08-4528-AB4D-5D9CBB81444B}"
EndProject
Global
	GlobalSection(SolutionConfigurationPlatforms) = preSolution
		Debug|Any CPU = Debug|Any CPU
		Release|Any CPU = Release|Any CPU
	EndGlobalSection
	GlobalSection(ProjectConfigurationPlatforms) = postSolution
		{9F9EB907-69F6-4FC1-AB1E-EC9BA96FBC0A}.Debug|Any CPU.ActiveCfg = Debug|Any CPU
		{9F9EB907-69F6-4FC1-AB1E-EC9BA96FBC0A}.Debug|Any CPU.Build.0 = Debug|Any CPU
		{9F9EB907-69F6-4FC1-AB1E-EC9BA96FBC0A}.Release|Any CPU.ActiveCfg = Release|Any CPU
		{9F9EB907-69F6-4FC1-AB1E-EC9BA96FBC0A}.Release|Any CPU.Build.0 = Release|Any CPU
		{9A304466-D8B2-4500-8BA1-38D886E6B984}.Debug|Any CPU.ActiveCfg = Debug|Any CPU
		{9A304466-D8B2-4500-8BA1-38D886E6B984}.Debug|Any CPU.Build.0 = Debug|Any CPU
		{9A304466-D8B2-4500-8BA1-38D886E6B984}.Release|Any CPU.ActiveCfg = Release|Any CPU
		{9A304466-D8B2-4500-8BA1-38D886E6B984}.Release|Any CPU.Build.0 = Release|Any CPU
		{EEE1D0AC-A0D6-41D8-ABB6-D8FF52D568B7}.Debug|Any CPU.ActiveCfg = Debug|Any CPU
		{EEE1D0AC-A0D6-41D8-ABB6-D8FF52D568B7}.Debug|Any CPU.Build.0 = Debug|Any CPU
		{EEE1D0AC-A0D6-41D8-ABB6-D8FF52D568B7}.Release|Any CPU.ActiveCfg = Release|Any CPU
		{EEE1D0AC-A0D6-41D8-ABB6-D8FF52D568B7}.Release|Any CPU.Build.0 = Release|Any CPU
		{EF5BDF6C-298E-4C20-B76B-2CEAEE7330A5}.Debug|Any CPU.ActiveCfg = Debug|Any CPU
		{EF5BDF6C-298E-4C20-B76B-2CEAEE7330A5}.Debug|Any CPU.Build.0 = Debug|Any CPU
		{EF5BDF6C-298E-4C20-B76B-2CEAEE7330A5}.Release|Any CPU.ActiveCfg = Release|Any CPU
		{EF5BDF6C-298E-4C20-B76B-2CEAEE7330A5}.Release|Any CPU.Build.0 = Release|Any CPU
		{91E946BD-33BE-417F-BC2B-24ACA84AF63C}.Debug|Any CPU.ActiveCfg = Debug|Any CPU
		{91E946BD-33BE-417F-BC2B-24ACA84AF63C}.Debug|Any CPU.Build.0 = Debug|Any CPU
		{91E946BD-33BE-417F-BC2B-24ACA84AF63C}.Release|Any CPU.ActiveCfg = Release|Any CPU
		{91E946BD-33BE-417F-BC2B-24ACA84AF63C}.Release|Any CPU.Build.0 = Release|Any CPU
		{7EE520A6-658C-410F-931F-50B61322D27A}.Debug|Any CPU.ActiveCfg = Debug|Any CPU
		{7EE520A6-658C-410F-931F-50B61322D27A}.Debug|Any CPU.Build.0 = Debug|Any CPU
		{7EE520A6-658C-410F-931F-50B61322D27A}.Release|Any CPU.ActiveCfg = Release|Any CPU
		{7EE520A6-658C-410F-931F-50B61322D27A}.Release|Any CPU.Build.0 = Release|Any CPU
		{A5E8F329-7B66-449B-A455-F25AB9F21C43}.Debug|Any CPU.ActiveCfg = Debug|Any CPU
		{A5E8F329-7B66-449B-A455-F25AB9F21C43}.Debug|Any CPU.Build.0 = Debug|Any CPU
		{A5E8F329-7B66-449B-A455-F25AB9F21C43}.Release|Any CPU.ActiveCfg = Release|Any CPU
		{A5E8F329-7B66-449B-A455-F25AB9F21C43}.Release|Any CPU.Build.0 = Release|Any CPU
		{BD84D355-1B08-4528-AB4D-5D9CBB81444B}.Debug|Any CPU.ActiveCfg = Debug|Any CPU
		{BD84D355-1B08-4528-AB4D-5D9CBB81444B}.Debug|Any CPU.Build.0 = Debug|Any CPU
		{BD84D355-1B08-4528-AB4D-5D9CBB81444B}.Release|Any CPU.ActiveCfg = Release|Any CPU
		{BD84D355-1B08-4528-AB4D-5D9CBB81444B}.Release|Any CPU.Build.0 = Release|Any CPU
	EndGlobalSection
	GlobalSection(SolutionProperties) = preSolution
		HideSolutionNode = FALSE
	EndGlobalSection
	GlobalSection(NestedProjects) = preSolution
		{9F9EB907-69F6-4FC1-AB1E-EC9BA96FBC0A} = {3F9D61B4-DA48-4802-A92B-17A6F832E0C7}
		{9A304466-D8B2-4500-8BA1-38D886E6B984} = {818E73F6-A452-419B-9F5F-146813B67878}
		{EEE1D0AC-A0D6-41D8-ABB6-D8FF52D568B7} = {A8FA145D-A942-4C57-89F0-44F812729747}
		{EF5BDF6C-298E-4C20-B76B-2CEAEE7330A5} = {A8FA145D-A942-4C57-89F0-44F812729747}
		{91E946BD-33BE-417F-BC2B-24ACA84AF63C} = {A8FA145D-A942-4C57-89F0-44F812729747}
		{7EE520A6-658C-410F-931F-50B61322D27A} = {D7448D8D-65A3-48DA-9B48-7706BA5F4142}
		{A5E8F329-7B66-449B-A455-F25AB9F21C43} = {D7448D8D-65A3-48DA-9B48-7706BA5F4142}
		{BD84D355-1B08-4528-AB4D-5D9CBB81444B} = {41246175-F4C2-4062-B472-A5887B32FFC7}
	EndGlobalSection
EndGlobal
